
Microsoft Visual Studio Solution File, Format Version 12.00
# Visual Studio Version 16
VisualStudioVersion = 16.0.28803.352
MinimumVisualStudioVersion = 10.0.40219.1
Project("{E53339B2-1760-4266-BCC7-CA923CBCF16C}") = "docker-compose", "docker-compose.dcproj", "{D5855F7E-3BCC-46EF-A65C-0D1398E87663}"
EndProject
Project("{2150E333-8FDC-42A3-9474-1A3956D46DE8}") = "src", "src", "{180459B3-3BD2-451D-B84B-592313E09EC0}"
EndProject
Project("{2150E333-8FDC-42A3-9474-1A3956D46DE8}") = "Identity", "Identity", "{5907061F-6AD8-4646-A7FD-BBE3D4265344}"
EndProject
Project("{2150E333-8FDC-42A3-9474-1A3956D46DE8}") = "BuildingBlocks", "BuildingBlocks", "{3CA31212-1850-4E0F-BCC2-E27B0FA9F2F3}"
EndProject
Project("{2150E333-8FDC-42A3-9474-1A3956D46DE8}") = "Services", "Services", "{C9A1F584-456F-4744-B7F6-3CAD20DBCC1A}"
EndProject
Project("{2150E333-8FDC-42A3-9474-1A3956D46DE8}") = "WebHost", "WebHost", "{33A93D0E-A2CC-4FEA-ACBC-EF964BF52FB3}"
EndProject
Project("{2150E333-8FDC-42A3-9474-1A3956D46DE8}") = "Locations", "Locations", "{9E93ABD2-D5F8-4A85-B05C-F6E12120D63B}"
EndProject
Project("{9A19103F-16F7-4668-BE54-9A1E7A4F7556}") = "WebHost.Customization", "BuildingBlocks\WebHost\WebHost.Customization\WebHost.Customization.csproj", "{0CFEAF39-9C00-4D5C-8F24-0C0FCC792F25}"
EndProject
Project("{2150E333-8FDC-42A3-9474-1A3956D46DE8}") = "WebApplications", "WebApplications", "{46E69741-840A-4196-AFFD-1E5DC2DF987B}"
EndProject
Project("{9A19103F-16F7-4668-BE54-9A1E7A4F7556}") = "Identity.API", "Services\Identity\Identity.API\Identity.API.csproj", "{8BE797D0-EC5D-4213-A764-E6A032C7E7B6}"
EndProject
Project("{9A19103F-16F7-4668-BE54-9A1E7A4F7556}") = "Locations.API", "Services\Locations\Locations.API\Locations.API.csproj", "{FEC8FA4E-1E63-4EBD-BF24-ABA8DF05CC7A}"
EndProject
Project("{9A19103F-16F7-4668-BE54-9A1E7A4F7556}") = "Locations.Data", "Services\Locations\Locations.Data\Locations.Data.csproj", "{F3F52120-005D-4967-96B7-CD0861C4E0EB}"
EndProject
Project("{9A19103F-16F7-4668-BE54-9A1E7A4F7556}") = "Locations.Infrastructure", "Services\Locations\Locations.Infrastructure\Locations.Infrastructure.csproj", "{992C7A01-F643-4975-BC11-173F39590653}"
EndProject
Project("{2150E333-8FDC-42A3-9474-1A3956D46DE8}") = "EventMQ", "EventMQ", "{75D39443-F2F1-47F2-A350-50D354269665}"
EndProject
Project("{9A19103F-16F7-4668-BE54-9A1E7A4F7556}") = "EventBus", "BuildingBlocks\EventMQ\EventBus\EventBus.csproj", "{9307114C-11F7-4E69-8D0C-FF8B61E5D92D}"
EndProject
Project("{9A19103F-16F7-4668-BE54-9A1E7A4F7556}") = "EventBusRabbitMQ", "BuildingBlocks\EventMQ\EventBusRabbitMQ\EventBusRabbitMQ.csproj", "{60E4D13B-0F08-421A-B1C7-1ACC32521AA7}"
EndProject
Project("{2150E333-8FDC-42A3-9474-1A3956D46DE8}") = "ApiGateways", "ApiGateways", "{D95F7719-729F-4726-8BD8-B632D3278C19}"
EndProject
Project("{9A19103F-16F7-4668-BE54-9A1E7A4F7556}") = "WebAPI.Base", "ApiGateways\WebAPI.Base\WebAPI.Base.csproj", "{960E5645-D3B0-4701-B371-94A6B76AB041}"
EndProject
Project("{2150E333-8FDC-42A3-9474-1A3956D46DE8}") = "apigw", "apigw", "{C8F383E2-DEFC-435A-BD6A-A3C5F1828C83}"
	ProjectSection(SolutionItems) = preProject
		ApiGateways\WebSPA.Administration\apigw\configuration.json = ApiGateways\WebSPA.Administration\apigw\configuration.json
	EndProjectSection
EndProject
Project("{9A19103F-16F7-4668-BE54-9A1E7A4F7556}") = "WebSPA.Administration", "WebApplications\WebSPA.Administration\WebSPA.Administration.csproj", "{3C048132-66E6-43C9-B7C0-0D5234144281}"
EndProject
Project("{2150E333-8FDC-42A3-9474-1A3956D46DE8}") = "KnowledgeBase", "KnowledgeBase", "{8E106539-57CC-4464-AE2F-9E12024DF895}"
EndProject
Project("{9A19103F-16F7-4668-BE54-9A1E7A4F7556}") = "KnowledgeBase.Data", "Services\KnowledgeBase\KnowledgeBase.Data\KnowledgeBase.Data.csproj", "{20F5B29B-884C-4263-81C4-016FD1C2A6C4}"
EndProject
Project("{9A19103F-16F7-4668-BE54-9A1E7A4F7556}") = "KnowledgeBase.Infrastructure", "Services\KnowledgeBase\KnowledgeBase.Infrastructure\KnowledgeBase.Infrastructure.csproj", "{96841117-DFCE-4917-B1A9-E00863C8C98B}"
EndProject
Project("{9A19103F-16F7-4668-BE54-9A1E7A4F7556}") = "KnowledgeBase.API", "Services\KnowledgeBase\KnowledgeBase.API\KnowledgeBase.API.csproj", "{D96270F0-CD7C-4EF4-AA00-8B99FDE02F82}"
EndProject
Project("{FAE04EC0-301F-11D3-BF4B-00C04F79EFBC}") = "Status.Web", "WebApplications\Status.Web\Status.Web.csproj", "{6F331536-5F39-43DD-ADC4-0EF7890BC35A}"
EndProject
Global
	GlobalSection(SolutionConfigurationPlatforms) = preSolution
		Debug|Any CPU = Debug|Any CPU
		Release|Any CPU = Release|Any CPU
	EndGlobalSection
	GlobalSection(ProjectConfigurationPlatforms) = postSolution
		{D5855F7E-3BCC-46EF-A65C-0D1398E87663}.Debug|Any CPU.ActiveCfg = Debug|Any CPU
		{D5855F7E-3BCC-46EF-A65C-0D1398E87663}.Debug|Any CPU.Build.0 = Debug|Any CPU
		{D5855F7E-3BCC-46EF-A65C-0D1398E87663}.Release|Any CPU.ActiveCfg = Release|Any CPU
		{D5855F7E-3BCC-46EF-A65C-0D1398E87663}.Release|Any CPU.Build.0 = Release|Any CPU
		{0CFEAF39-9C00-4D5C-8F24-0C0FCC792F25}.Debug|Any CPU.ActiveCfg = Debug|Any CPU
		{0CFEAF39-9C00-4D5C-8F24-0C0FCC792F25}.Debug|Any CPU.Build.0 = Debug|Any CPU
		{0CFEAF39-9C00-4D5C-8F24-0C0FCC792F25}.Release|Any CPU.ActiveCfg = Release|Any CPU
		{0CFEAF39-9C00-4D5C-8F24-0C0FCC792F25}.Release|Any CPU.Build.0 = Release|Any CPU
		{8BE797D0-EC5D-4213-A764-E6A032C7E7B6}.Debug|Any CPU.ActiveCfg = Debug|Any CPU
		{8BE797D0-EC5D-4213-A764-E6A032C7E7B6}.Debug|Any CPU.Build.0 = Debug|Any CPU
		{8BE797D0-EC5D-4213-A764-E6A032C7E7B6}.Release|Any CPU.ActiveCfg = Release|Any CPU
		{8BE797D0-EC5D-4213-A764-E6A032C7E7B6}.Release|Any CPU.Build.0 = Release|Any CPU
		{FEC8FA4E-1E63-4EBD-BF24-ABA8DF05CC7A}.Debug|Any CPU.ActiveCfg = Debug|Any CPU
		{FEC8FA4E-1E63-4EBD-BF24-ABA8DF05CC7A}.Debug|Any CPU.Build.0 = Debug|Any CPU
		{FEC8FA4E-1E63-4EBD-BF24-ABA8DF05CC7A}.Release|Any CPU.ActiveCfg = Release|Any CPU
		{FEC8FA4E-1E63-4EBD-BF24-ABA8DF05CC7A}.Release|Any CPU.Build.0 = Release|Any CPU
		{F3F52120-005D-4967-96B7-CD0861C4E0EB}.Debug|Any CPU.ActiveCfg = Debug|Any CPU
		{F3F52120-005D-4967-96B7-CD0861C4E0EB}.Debug|Any CPU.Build.0 = Debug|Any CPU
		{F3F52120-005D-4967-96B7-CD0861C4E0EB}.Release|Any CPU.ActiveCfg = Release|Any CPU
		{F3F52120-005D-4967-96B7-CD0861C4E0EB}.Release|Any CPU.Build.0 = Release|Any CPU
		{992C7A01-F643-4975-BC11-173F39590653}.Debug|Any CPU.ActiveCfg = Debug|Any CPU
		{992C7A01-F643-4975-BC11-173F39590653}.Debug|Any CPU.Build.0 = Debug|Any CPU
		{992C7A01-F643-4975-BC11-173F39590653}.Release|Any CPU.ActiveCfg = Release|Any CPU
		{992C7A01-F643-4975-BC11-173F39590653}.Release|Any CPU.Build.0 = Release|Any CPU
		{9307114C-11F7-4E69-8D0C-FF8B61E5D92D}.Debug|Any CPU.ActiveCfg = Debug|Any CPU
		{9307114C-11F7-4E69-8D0C-FF8B61E5D92D}.Debug|Any CPU.Build.0 = Debug|Any CPU
		{9307114C-11F7-4E69-8D0C-FF8B61E5D92D}.Release|Any CPU.ActiveCfg = Release|Any CPU
		{9307114C-11F7-4E69-8D0C-FF8B61E5D92D}.Release|Any CPU.Build.0 = Release|Any CPU
		{60E4D13B-0F08-421A-B1C7-1ACC32521AA7}.Debug|Any CPU.ActiveCfg = Debug|Any CPU
		{60E4D13B-0F08-421A-B1C7-1ACC32521AA7}.Debug|Any CPU.Build.0 = Debug|Any CPU
		{60E4D13B-0F08-421A-B1C7-1ACC32521AA7}.Release|Any CPU.ActiveCfg = Release|Any CPU
		{60E4D13B-0F08-421A-B1C7-1ACC32521AA7}.Release|Any CPU.Build.0 = Release|Any CPU
		{960E5645-D3B0-4701-B371-94A6B76AB041}.Debug|Any CPU.ActiveCfg = Debug|Any CPU
		{960E5645-D3B0-4701-B371-94A6B76AB041}.Debug|Any CPU.Build.0 = Debug|Any CPU
		{960E5645-D3B0-4701-B371-94A6B76AB041}.Release|Any CPU.ActiveCfg = Release|Any CPU
		{960E5645-D3B0-4701-B371-94A6B76AB041}.Release|Any CPU.Build.0 = Release|Any CPU
		{3C048132-66E6-43C9-B7C0-0D5234144281}.Debug|Any CPU.ActiveCfg = Debug|Any CPU
		{3C048132-66E6-43C9-B7C0-0D5234144281}.Debug|Any CPU.Build.0 = Debug|Any CPU
		{3C048132-66E6-43C9-B7C0-0D5234144281}.Release|Any CPU.ActiveCfg = Release|Any CPU
		{3C048132-66E6-43C9-B7C0-0D5234144281}.Release|Any CPU.Build.0 = Release|Any CPU
		{20F5B29B-884C-4263-81C4-016FD1C2A6C4}.Debug|Any CPU.ActiveCfg = Debug|Any CPU
		{20F5B29B-884C-4263-81C4-016FD1C2A6C4}.Debug|Any CPU.Build.0 = Debug|Any CPU
		{20F5B29B-884C-4263-81C4-016FD1C2A6C4}.Release|Any CPU.ActiveCfg = Release|Any CPU
		{20F5B29B-884C-4263-81C4-016FD1C2A6C4}.Release|Any CPU.Build.0 = Release|Any CPU
		{96841117-DFCE-4917-B1A9-E00863C8C98B}.Debug|Any CPU.ActiveCfg = Debug|Any CPU
		{96841117-DFCE-4917-B1A9-E00863C8C98B}.Debug|Any CPU.Build.0 = Debug|Any CPU
		{96841117-DFCE-4917-B1A9-E00863C8C98B}.Release|Any CPU.ActiveCfg = Release|Any CPU
		{96841117-DFCE-4917-B1A9-E00863C8C98B}.Release|Any CPU.Build.0 = Release|Any CPU
		{D96270F0-CD7C-4EF4-AA00-8B99FDE02F82}.Debug|Any CPU.ActiveCfg = Debug|Any CPU
		{D96270F0-CD7C-4EF4-AA00-8B99FDE02F82}.Debug|Any CPU.Build.0 = Debug|Any CPU
		{D96270F0-CD7C-4EF4-AA00-8B99FDE02F82}.Release|Any CPU.ActiveCfg = Release|Any CPU
		{D96270F0-CD7C-4EF4-AA00-8B99FDE02F82}.Release|Any CPU.Build.0 = Release|Any CPU
		{6F331536-5F39-43DD-ADC4-0EF7890BC35A}.Debug|Any CPU.ActiveCfg = Debug|Any CPU
		{6F331536-5F39-43DD-ADC4-0EF7890BC35A}.Debug|Any CPU.Build.0 = Debug|Any CPU
		{6F331536-5F39-43DD-ADC4-0EF7890BC35A}.Release|Any CPU.ActiveCfg = Release|Any CPU
		{6F331536-5F39-43DD-ADC4-0EF7890BC35A}.Release|Any CPU.Build.0 = Release|Any CPU
	EndGlobalSection
	GlobalSection(SolutionProperties) = preSolution
		HideSolutionNode = FALSE
	EndGlobalSection
	GlobalSection(NestedProjects) = preSolution
		{5907061F-6AD8-4646-A7FD-BBE3D4265344} = {C9A1F584-456F-4744-B7F6-3CAD20DBCC1A}
		{3CA31212-1850-4E0F-BCC2-E27B0FA9F2F3} = {180459B3-3BD2-451D-B84B-592313E09EC0}
		{C9A1F584-456F-4744-B7F6-3CAD20DBCC1A} = {180459B3-3BD2-451D-B84B-592313E09EC0}
		{33A93D0E-A2CC-4FEA-ACBC-EF964BF52FB3} = {3CA31212-1850-4E0F-BCC2-E27B0FA9F2F3}
		{9E93ABD2-D5F8-4A85-B05C-F6E12120D63B} = {C9A1F584-456F-4744-B7F6-3CAD20DBCC1A}
		{0CFEAF39-9C00-4D5C-8F24-0C0FCC792F25} = {33A93D0E-A2CC-4FEA-ACBC-EF964BF52FB3}
		{46E69741-840A-4196-AFFD-1E5DC2DF987B} = {180459B3-3BD2-451D-B84B-592313E09EC0}
		{8BE797D0-EC5D-4213-A764-E6A032C7E7B6} = {5907061F-6AD8-4646-A7FD-BBE3D4265344}
		{FEC8FA4E-1E63-4EBD-BF24-ABA8DF05CC7A} = {9E93ABD2-D5F8-4A85-B05C-F6E12120D63B}
		{F3F52120-005D-4967-96B7-CD0861C4E0EB} = {9E93ABD2-D5F8-4A85-B05C-F6E12120D63B}
		{992C7A01-F643-4975-BC11-173F39590653} = {9E93ABD2-D5F8-4A85-B05C-F6E12120D63B}
		{75D39443-F2F1-47F2-A350-50D354269665} = {3CA31212-1850-4E0F-BCC2-E27B0FA9F2F3}
		{9307114C-11F7-4E69-8D0C-FF8B61E5D92D} = {75D39443-F2F1-47F2-A350-50D354269665}
		{60E4D13B-0F08-421A-B1C7-1ACC32521AA7} = {75D39443-F2F1-47F2-A350-50D354269665}
		{D95F7719-729F-4726-8BD8-B632D3278C19} = {180459B3-3BD2-451D-B84B-592313E09EC0}
		{960E5645-D3B0-4701-B371-94A6B76AB041} = {D95F7719-729F-4726-8BD8-B632D3278C19}
		{3C048132-66E6-43C9-B7C0-0D5234144281} = {46E69741-840A-4196-AFFD-1E5DC2DF987B}
		{8E106539-57CC-4464-AE2F-9E12024DF895} = {C9A1F584-456F-4744-B7F6-3CAD20DBCC1A}
		{20F5B29B-884C-4263-81C4-016FD1C2A6C4} = {8E106539-57CC-4464-AE2F-9E12024DF895}
		{96841117-DFCE-4917-B1A9-E00863C8C98B} = {8E106539-57CC-4464-AE2F-9E12024DF895}
		{D96270F0-CD7C-4EF4-AA00-8B99FDE02F82} = {8E106539-57CC-4464-AE2F-9E12024DF895}
		{6F331536-5F39-43DD-ADC4-0EF7890BC35A} = {46E69741-840A-4196-AFFD-1E5DC2DF987B}
	EndGlobalSection
	GlobalSection(ExtensibilityGlobals) = postSolution
		SolutionGuid = {92FB6DB3-FBAF-4478-BF31-F0FA54865BD5}
	EndGlobalSection
EndGlobal
